// !$*UTF8*$!
{
	archiveVersion = 1;
	classes = {
	};
	objectVersion = 55;
	objects = {

/* Begin PBXBuildFile section */
		F431640F28F46D0C00915F0A /* AppDelegate.swift in Sources */ = {isa = PBXBuildFile; fileRef = F431640E28F46D0C00915F0A /* AppDelegate.swift */; };
		F431641128F46D0C00915F0A /* SceneDelegate.swift in Sources */ = {isa = PBXBuildFile; fileRef = F431641028F46D0C00915F0A /* SceneDelegate.swift */; };
		F431641828F46D1000915F0A /* Assets.xcassets in Resources */ = {isa = PBXBuildFile; fileRef = F431641728F46D1000915F0A /* Assets.xcassets */; };
		F431641B28F46D1000915F0A /* LaunchScreen.storyboard in Resources */ = {isa = PBXBuildFile; fileRef = F431641928F46D1000915F0A /* LaunchScreen.storyboard */; };
		F431642628F470B600915F0A /* Character.swift in Sources */ = {isa = PBXBuildFile; fileRef = F431642528F470B600915F0A /* Character.swift */; };
		F431642928F4737700915F0A /* CharacterViewController.swift in Sources */ = {isa = PBXBuildFile; fileRef = F431642828F4737700915F0A /* CharacterViewController.swift */; };
		F431642B28F4743C00915F0A /* CharacterViewModel.swift in Sources */ = {isa = PBXBuildFile; fileRef = F431642A28F4743C00915F0A /* CharacterViewModel.swift */; };
		F431642E28F4748100915F0A /* RickAndMortyApi.swift in Sources */ = {isa = PBXBuildFile; fileRef = F431642D28F4748100915F0A /* RickAndMortyApi.swift */; };
		F431643928F48D1B00915F0A /* CharacterView.xib in Resources */ = {isa = PBXBuildFile; fileRef = F431643828F48D1B00915F0A /* CharacterView.xib */; };
		F4670BCF28F495DB00255689 /* CharacterTableViewCell.swift in Sources */ = {isa = PBXBuildFile; fileRef = F4670BCD28F495DB00255689 /* CharacterTableViewCell.swift */; };
		F4670BD028F495DB00255689 /* CharacterTableViewCell.xib in Resources */ = {isa = PBXBuildFile; fileRef = F4670BCE28F495DB00255689 /* CharacterTableViewCell.xib */; };
		F4670BD428F4B47C00255689 /* CharacterDetailViewController.swift in Sources */ = {isa = PBXBuildFile; fileRef = F4670BD228F4B47C00255689 /* CharacterDetailViewController.swift */; };
		F4670BD528F4B47C00255689 /* CharacterDetailViewController.xib in Resources */ = {isa = PBXBuildFile; fileRef = F4670BD328F4B47C00255689 /* CharacterDetailViewController.xib */; };
/* End PBXBuildFile section */

/* Begin PBXFileReference section */
		F431640B28F46D0C00915F0A /* RickAndMorty.app */ = {isa = PBXFileReference; explicitFileType = wrapper.application; includeInIndex = 0; path = RickAndMorty.app; sourceTree = BUILT_PRODUCTS_DIR; };
		F431640E28F46D0C00915F0A /* AppDelegate.swift */ = {isa = PBXFileReference; lastKnownFileType = sourcecode.swift; path = AppDelegate.swift; sourceTree = "<group>"; };
		F431641028F46D0C00915F0A /* SceneDelegate.swift */ = {isa = PBXFileReference; lastKnownFileType = sourcecode.swift; path = SceneDelegate.swift; sourceTree = "<group>"; };
		F431641728F46D1000915F0A /* Assets.xcassets */ = {isa = PBXFileReference; lastKnownFileType = folder.assetcatalog; path = Assets.xcassets; sourceTree = "<group>"; };
		F431641A28F46D1000915F0A /* Base */ = {isa = PBXFileReference; lastKnownFileType = file.storyboard; name = Base; path = Base.lproj/LaunchScreen.storyboard; sourceTree = "<group>"; };
		F431641C28F46D1000915F0A /* Info.plist */ = {isa = PBXFileReference; lastKnownFileType = text.plist.xml; path = Info.plist; sourceTree = "<group>"; };
		F431642528F470B600915F0A /* Character.swift */ = {isa = PBXFileReference; lastKnownFileType = sourcecode.swift; path = Character.swift; sourceTree = "<group>"; };
		F431642828F4737700915F0A /* CharacterViewController.swift */ = {isa = PBXFileReference; lastKnownFileType = sourcecode.swift; path = CharacterViewController.swift; sourceTree = "<group>"; };
		F431642A28F4743C00915F0A /* CharacterViewModel.swift */ = {isa = PBXFileReference; lastKnownFileType = sourcecode.swift; path = CharacterViewModel.swift; sourceTree = "<group>"; };
		F431642D28F4748100915F0A /* RickAndMortyApi.swift */ = {isa = PBXFileReference; lastKnownFileType = sourcecode.swift; path = RickAndMortyApi.swift; sourceTree = "<group>"; };
		F431643828F48D1B00915F0A /* CharacterView.xib */ = {isa = PBXFileReference; lastKnownFileType = file.xib; path = CharacterView.xib; sourceTree = "<group>"; };
		F4670BCD28F495DB00255689 /* CharacterTableViewCell.swift */ = {isa = PBXFileReference; lastKnownFileType = sourcecode.swift; path = CharacterTableViewCell.swift; sourceTree = "<group>"; };
		F4670BCE28F495DB00255689 /* CharacterTableViewCell.xib */ = {isa = PBXFileReference; lastKnownFileType = file.xib; path = CharacterTableViewCell.xib; sourceTree = "<group>"; };
		F4670BD228F4B47C00255689 /* CharacterDetailViewController.swift */ = {isa = PBXFileReference; lastKnownFileType = sourcecode.swift; path = CharacterDetailViewController.swift; sourceTree = "<group>"; };
		F4670BD328F4B47C00255689 /* CharacterDetailViewController.xib */ = {isa = PBXFileReference; lastKnownFileType = file.xib; path = CharacterDetailViewController.xib; sourceTree = "<group>"; };
/* End PBXFileReference section */

/* Begin PBXFrameworksBuildPhase section */
		F431640828F46D0C00915F0A /* Frameworks */ = {
			isa = PBXFrameworksBuildPhase;
			buildActionMask = 2147483647;
			files = (
			);
			runOnlyForDeploymentPostprocessing = 0;
		};
/* End PBXFrameworksBuildPhase section */

/* Begin PBXGroup section */
		F431640228F46D0C00915F0A = {
			isa = PBXGroup;
			children = (
				F431640D28F46D0C00915F0A /* RickAndMorty */,
				F431640C28F46D0C00915F0A /* Products */,
			);
			sourceTree = "<group>";
		};
		F431640C28F46D0C00915F0A /* Products */ = {
			isa = PBXGroup;
			children = (
				F431640B28F46D0C00915F0A /* RickAndMorty.app */,
			);
			name = Products;
			sourceTree = "<group>";
		};
		F431640D28F46D0C00915F0A /* RickAndMorty */ = {
			isa = PBXGroup;
			children = (
				F431642C28F4747100915F0A /* API */,
				F431642428F4707C00915F0A /* ViewModel */,
				F431642328F4706F00915F0A /* View */,
				F431642228F4706100915F0A /* Model */,
				F431640E28F46D0C00915F0A /* AppDelegate.swift */,
				F431641028F46D0C00915F0A /* SceneDelegate.swift */,
				F431641728F46D1000915F0A /* Assets.xcassets */,
				F431641928F46D1000915F0A /* LaunchScreen.storyboard */,
				F431641C28F46D1000915F0A /* Info.plist */,
			);
			path = RickAndMorty;
			sourceTree = "<group>";
		};
		F431642228F4706100915F0A /* Model */ = {
			isa = PBXGroup;
			children = (
				F431642528F470B600915F0A /* Character.swift */,
			);
			path = Model;
			sourceTree = "<group>";
		};
		F431642328F4706F00915F0A /* View */ = {
			isa = PBXGroup;
			children = (
				F4670BD128F4B44900255689 /* CharacterDetails */,
				F431643128F47DD800915F0A /* Cells */,
				F431642828F4737700915F0A /* CharacterViewController.swift */,
				F431643828F48D1B00915F0A /* CharacterView.xib */,
			);
			path = View;
			sourceTree = "<group>";
		};
		F431642428F4707C00915F0A /* ViewModel */ = {
			isa = PBXGroup;
			children = (
				F431642A28F4743C00915F0A /* CharacterViewModel.swift */,
			);
			path = ViewModel;
			sourceTree = "<group>";
		};
		F431642C28F4747100915F0A /* API */ = {
			isa = PBXGroup;
			children = (
				F431642D28F4748100915F0A /* RickAndMortyApi.swift */,
			);
			path = API;
			sourceTree = "<group>";
		};
		F431643128F47DD800915F0A /* Cells */ = {
			isa = PBXGroup;
			children = (
				F4670BCD28F495DB00255689 /* CharacterTableViewCell.swift */,
				F4670BCE28F495DB00255689 /* CharacterTableViewCell.xib */,
			);
			path = Cells;
			sourceTree = "<group>";
		};
		F4670BD128F4B44900255689 /* CharacterDetails */ = {
			isa = PBXGroup;
			children = (
				F4670BD228F4B47C00255689 /* CharacterDetailViewController.swift */,
				F4670BD328F4B47C00255689 /* CharacterDetailViewController.xib */,
			);
			path = CharacterDetails;
			sourceTree = "<group>";
		};
/* End PBXGroup section */

/* Begin PBXNativeTarget section */
		F431640A28F46D0C00915F0A /* RickAndMorty */ = {
			isa = PBXNativeTarget;
			buildConfigurationList = F431641F28F46D1000915F0A /* Build configuration list for PBXNativeTarget "RickAndMorty" */;
			buildPhases = (
				F431640728F46D0C00915F0A /* Sources */,
				F431640828F46D0C00915F0A /* Frameworks */,
				F431640928F46D0C00915F0A /* Resources */,
			);
			buildRules = (
			);
			dependencies = (
			);
			name = RickAndMorty;
			productName = RickAndMorty;
			productReference = F431640B28F46D0C00915F0A /* RickAndMorty.app */;
			productType = "com.apple.product-type.application";
		};
/* End PBXNativeTarget section */

/* Begin PBXProject section */
		F431640328F46D0C00915F0A /* Project object */ = {
			isa = PBXProject;
			attributes = {
				BuildIndependentTargetsInParallel = 1;
				LastSwiftUpdateCheck = 1340;
				LastUpgradeCheck = 1340;
				TargetAttributes = {
					F431640A28F46D0C00915F0A = {
						CreatedOnToolsVersion = 13.4.1;
					};
				};
			};
			buildConfigurationList = F431640628F46D0C00915F0A /* Build configuration list for PBXProject "RickAndMorty" */;
			compatibilityVersion = "Xcode 13.0";
			developmentRegion = en;
			hasScannedForEncodings = 0;
			knownRegions = (
				en,
				Base,
			);
			mainGroup = F431640228F46D0C00915F0A;
			productRefGroup = F431640C28F46D0C00915F0A /* Products */;
			projectDirPath = "";
			projectRoot = "";
			targets = (
				F431640A28F46D0C00915F0A /* RickAndMorty */,
			);
		};
/* End PBXProject section */

/* Begin PBXResourcesBuildPhase section */
		F431640928F46D0C00915F0A /* Resources */ = {
			isa = PBXResourcesBuildPhase;
			buildActionMask = 2147483647;
			files = (
				F431641B28F46D1000915F0A /* LaunchScreen.storyboard in Resources */,
				F431641828F46D1000915F0A /* Assets.xcassets in Resources */,
				F431643928F48D1B00915F0A /* CharacterView.xib in Resources */,
				F4670BD528F4B47C00255689 /* CharacterDetailViewController.xib in Resources */,
				F4670BD028F495DB00255689 /* CharacterTableViewCell.xib in Resources */,
			);
			runOnlyForDeploymentPostprocessing = 0;
		};
/* End PBXResourcesBuildPhase section */

/* Begin PBXSourcesBuildPhase section */
		F431640728F46D0C00915F0A /* Sources */ = {
			isa = PBXSourcesBuildPhase;
			buildActionMask = 2147483647;
			files = (
				F431642E28F4748100915F0A /* RickAndMortyApi.swift in Sources */,
				F4670BCF28F495DB00255689 /* CharacterTableViewCell.swift in Sources */,
				F431640F28F46D0C00915F0A /* AppDelegate.swift in Sources */,
				F431641128F46D0C00915F0A /* SceneDelegate.swift in Sources */,
				F431642928F4737700915F0A /* CharacterViewController.swift in Sources */,
				F4670BD428F4B47C00255689 /* CharacterDetailViewController.swift in Sources */,
				F431642B28F4743C00915F0A /* CharacterViewModel.swift in Sources */,
				F431642628F470B600915F0A /* Character.swift in Sources */,
			);
			runOnlyForDeploymentPostprocessing = 0;
		};
/* End PBXSourcesBuildPhase section */

/* Begin PBXVariantGroup section */
		F431641928F46D1000915F0A /* LaunchScreen.storyboard */ = {
			isa = PBXVariantGroup;
			children = (
				F431641A28F46D1000915F0A /* Base */,
			);
			name = LaunchScreen.storyboard;
			sourceTree = "<group>";
		};
/* End PBXVariantGroup section */

/* Begin XCBuildConfiguration section */
		F431641D28F46D1000915F0A /* Debug */ = {
			isa = XCBuildConfiguration;
			buildSettings = {
				ALWAYS_SEARCH_USER_PATHS = NO;
				CLANG_ANALYZER_NONNULL = YES;
				CLANG_ANALYZER_NUMBER_OBJECT_CONVERSION = YES_AGGRESSIVE;
				CLANG_CXX_LANGUAGE_STANDARD = "gnu++17";
				CLANG_ENABLE_MODULES = YES;
				CLANG_ENABLE_OBJC_ARC = YES;
				CLANG_ENABLE_OBJC_WEAK = YES;
				CLANG_WARN_BLOCK_CAPTURE_AUTORELEASING = YES;
				CLANG_WARN_BOOL_CONVERSION = YES;
				CLANG_WARN_COMMA = YES;
				CLANG_WARN_CONSTANT_CONVERSION = YES;
				CLANG_WARN_DEPRECATED_OBJC_IMPLEMENTATIONS = YES;
				CLANG_WARN_DIRECT_OBJC_ISA_USAGE = YES_ERROR;
				CLANG_WARN_DOCUMENTATION_COMMENTS = YES;
				CLANG_WARN_EMPTY_BODY = YES;
				CLANG_WARN_ENUM_CONVERSION = YES;
				CLANG_WARN_INFINITE_RECURSION = YES;
				CLANG_WARN_INT_CONVERSION = YES;
				CLANG_WARN_NON_LITERAL_NULL_CONVERSION = YES;
				CLANG_WARN_OBJC_IMPLICIT_RETAIN_SELF = YES;
				CLANG_WARN_OBJC_LITERAL_CONVERSION = YES;
				CLANG_WARN_OBJC_ROOT_CLASS = YES_ERROR;
				CLANG_WARN_QUOTED_INCLUDE_IN_FRAMEWORK_HEADER = YES;
				CLANG_WARN_RANGE_LOOP_ANALYSIS = YES;
				CLANG_WARN_STRICT_PROTOTYPES = YES;
				CLANG_WARN_SUSPICIOUS_MOVE = YES;
				CLANG_WARN_UNGUARDED_AVAILABILITY = YES_AGGRESSIVE;
				CLANG_WARN_UNREACHABLE_CODE = YES;
				CLANG_WARN__DUPLICATE_METHOD_MATCH = YES;
				COPY_PHASE_STRIP = NO;
				DEBUG_INFORMATION_FORMAT = dwarf;
				ENABLE_STRICT_OBJC_MSGSEND = YES;
				ENABLE_TESTABILITY = YES;
				GCC_C_LANGUAGE_STANDARD = gnu11;
				GCC_DYNAMIC_NO_PIC = NO;
				GCC_NO_COMMON_BLOCKS = YES;
				GCC_OPTIMIZATION_LEVEL = 0;
				GCC_PREPROCESSOR_DEFINITIONS = (
					"DEBUG=1",
					"$(inherited)",
				);
				GCC_WARN_64_TO_32_BIT_CONVERSION = YES;
				GCC_WARN_ABOUT_RETURN_TYPE = YES_ERROR;
				GCC_WARN_UNDECLARED_SELECTOR = YES;
				GCC_WARN_UNINITIALIZED_AUTOS = YES_AGGRESSIVE;
				GCC_WARN_UNUSED_FUNCTION = YES;
				GCC_WARN_UNUSED_VARIABLE = YES;
				IPHONEOS_DEPLOYMENT_TARGET = 15.5;
				MTL_ENABLE_DEBUG_INFO = INCLUDE_SOURCE;
				MTL_FAST_MATH = YES;
				ONLY_ACTIVE_ARCH = YES;
				SDKROOT = iphoneos;
				SWIFT_ACTIVE_COMPILATION_CONDITIONS = DEBUG;
				SWIFT_OPTIMIZATION_LEVEL = "-Onone";
			};
			name = Debug;
		};
		F431641E28F46D1000915F0A /* Release */ = {
			isa = XCBuildConfiguration;
			buildSettings = {
				ALWAYS_SEARCH_USER_PATHS = NO;
				CLANG_ANALYZER_NONNULL = YES;
				CLANG_ANALYZER_NUMBER_OBJECT_CONVERSION = YES_AGGRESSIVE;
				CLANG_CXX_LANGUAGE_STANDARD = "gnu++17";
				CLANG_ENABLE_MODULES = YES;
				CLANG_ENABLE_OBJC_ARC = YES;
				CLANG_ENABLE_OBJC_WEAK = YES;
				CLANG_WARN_BLOCK_CAPTURE_AUTORELEASING = YES;
				CLANG_WARN_BOOL_CONVERSION = YES;
				CLANG_WARN_COMMA = YES;
				CLANG_WARN_CONSTANT_CONVERSION = YES;
				CLANG_WARN_DEPRECATED_OBJC_IMPLEMENTATIONS = YES;
				CLANG_WARN_DIRECT_OBJC_ISA_USAGE = YES_ERROR;
				CLANG_WARN_DOCUMENTATION_COMMENTS = YES;
				CLANG_WARN_EMPTY_BODY = YES;
				CLANG_WARN_ENUM_CONVERSION = YES;
				CLANG_WARN_INFINITE_RECURSION = YES;
				CLANG_WARN_INT_CONVERSION = YES;
				CLANG_WARN_NON_LITERAL_NULL_CONVERSION = YES;
				CLANG_WARN_OBJC_IMPLICIT_RETAIN_SELF = YES;
				CLANG_WARN_OBJC_LITERAL_CONVERSION = YES;
				CLANG_WARN_OBJC_ROOT_CLASS = YES_ERROR;
				CLANG_WARN_QUOTED_INCLUDE_IN_FRAMEWORK_HEADER = YES;
				CLANG_WARN_RANGE_LOOP_ANALYSIS = YES;
				CLANG_WARN_STRICT_PROTOTYPES = YES;
				CLANG_WARN_SUSPICIOUS_MOVE = YES;
				CLANG_WARN_UNGUARDED_AVAILABILITY = YES_AGGRESSIVE;
				CLANG_WARN_UNREACHABLE_CODE = YES;
				CLANG_WARN__DUPLICATE_METHOD_MATCH = YES;
				COPY_PHASE_STRIP = NO;
				DEBUG_INFORMATION_FORMAT = "dwarf-with-dsym";
				ENABLE_NS_ASSERTIONS = NO;
				ENABLE_STRICT_OBJC_MSGSEND = YES;
				GCC_C_LANGUAGE_STANDARD = gnu11;
				GCC_NO_COMMON_BLOCKS = YES;
				GCC_WARN_64_TO_32_BIT_CONVERSION = YES;
				GCC_WARN_ABOUT_RETURN_TYPE = YES_ERROR;
				GCC_WARN_UNDECLARED_SELECTOR = YES;
				GCC_WARN_UNINITIALIZED_AUTOS = YES_AGGRESSIVE;
				GCC_WARN_UNUSED_FUNCTION = YES;
				GCC_WARN_UNUSED_VARIABLE = YES;
				IPHONEOS_DEPLOYMENT_TARGET = 15.5;
				MTL_ENABLE_DEBUG_INFO = NO;
				MTL_FAST_MATH = YES;
				SDKROOT = iphoneos;
				SWIFT_COMPILATION_MODE = wholemodule;
				SWIFT_OPTIMIZATION_LEVEL = "-O";
				VALIDATE_PRODUCT = YES;
			};
			name = Release;
		};
		F431642028F46D1000915F0A /* Debug */ = {
			isa = XCBuildConfiguration;
			buildSettings = {
				ASSETCATALOG_COMPILER_APPICON_NAME = AppIcon;
				ASSETCATALOG_COMPILER_GLOBAL_ACCENT_COLOR_NAME = AccentColor;
				CODE_SIGN_STYLE = Automatic;
				CURRENT_PROJECT_VERSION = 1;
				DEVELOPMENT_TEAM = L5823VXLNL;
				GENERATE_INFOPLIST_FILE = YES;
				INFOPLIST_FILE = RickAndMorty/Info.plist;
				INFOPLIST_KEY_UIApplicationSupportsIndirectInputEvents = YES;
				INFOPLIST_KEY_UILaunchStoryboardName = LaunchScreen;
				INFOPLIST_KEY_UISupportedInterfaceOrientations_iPad = "UIInterfaceOrientationPortrait UIInterfaceOrientationPortraitUpsideDown UIInterfaceOrientationLandscapeLeft UIInterfaceOrientationLandscapeRight";
				INFOPLIST_KEY_UISupportedInterfaceOrientations_iPhone = "UIInterfaceOrientationPortrait UIInterfaceOrientationLandscapeLeft UIInterfaceOrientationLandscapeRight";
				LD_RUNPATH_SEARCH_PATHS = (
					"$(inherited)",
					"@executable_path/Frameworks",
				);
				MARKETING_VERSION = 1.0;
				PRODUCT_BUNDLE_IDENTIFIER = hu.tamasballa.RickAndMorty;
				PRODUCT_NAME = "$(TARGET_NAME)";
				SWIFT_EMIT_LOC_STRINGS = YES;
				SWIFT_VERSION = 5.0;
				TARGETED_DEVICE_FAMILY = "1,2";
			};
			name = Debug;
		};
		F431642128F46D1000915F0A /* Release */ = {
			isa = XCBuildConfiguration;
			buildSettings = {
				ASSETCATALOG_COMPILER_APPICON_NAME = AppIcon;
				ASSETCATALOG_COMPILER_GLOBAL_ACCENT_COLOR_NAME = AccentColor;
				CODE_SIGN_STYLE = Automatic;
				CURRENT_PROJECT_VERSION = 1;
				DEVELOPMENT_TEAM = L5823VXLNL;
				GENERATE_INFOPLIST_FILE = YES;
				INFOPLIST_FILE = RickAndMorty/Info.plist;
				INFOPLIST_KEY_UIApplicationSupportsIndirectInputEvents = YES;
				INFOPLIST_KEY_UILaunchStoryboardName = LaunchScreen;
				INFOPLIST_KEY_UISupportedInterfaceOrientations_iPad = "UIInterfaceOrientationPortrait UIInterfaceOrientationPortraitUpsideDown UIInterfaceOrientationLandscapeLeft UIInterfaceOrientationLandscapeRight";
				INFOPLIST_KEY_UISupportedInterfaceOrientations_iPhone = "UIInterfaceOrientationPortrait UIInterfaceOrientationLandscapeLeft UIInterfaceOrientationLandscapeRight";
				LD_RUNPATH_SEARCH_PATHS = (
					"$(inherited)",
					"@executable_path/Frameworks",
				);
				MARKETING_VERSION = 1.0;
				PRODUCT_BUNDLE_IDENTIFIER = hu.tamasballa.RickAndMorty;
				PRODUCT_NAME = "$(TARGET_NAME)";
				SWIFT_EMIT_LOC_STRINGS = YES;
				SWIFT_VERSION = 5.0;
				TARGETED_DEVICE_FAMILY = "1,2";
			};
			name = Release;
		};
/* End XCBuildConfiguration section */

/* Begin XCConfigurationList section */
		F431640628F46D0C00915F0A /* Build configuration list for PBXProject "RickAndMorty" */ = {
			isa = XCConfigurationList;
			buildConfigurations = (
				F431641D28F46D1000915F0A /* Debug */,
				F431641E28F46D1000915F0A /* Release */,
			);
			defaultConfigurationIsVisible = 0;
			defaultConfigurationName = Release;
		};
		F431641F28F46D1000915F0A /* Build configuration list for PBXNativeTarget "RickAndMorty" */ = {
			isa = XCConfigurationList;
			buildConfigurations = (
				F431642028F46D1000915F0A /* Debug */,
				F431642128F46D1000915F0A /* Release */,
			);
			defaultConfigurationIsVisible = 0;
			defaultConfigurationName = Release;
		};
/* End XCConfigurationList section */
	};
	rootObject = F431640328F46D0C00915F0A /* Project object */;
}
